
Microsoft Visual Studio Solution File, Format Version 12.00
# Visual Studio Version 17
VisualStudioVersion = 17.14.36930.0
MinimumVisualStudioVersion = 10.0.40219.1
Project("{FAE04EC0-301F-11D3-BF4B-00C04F79EFBC}") = "WinFormsMogwai", "WinFormsMogwai\WinFormsMogwai.csproj", "{1138D65C-0626-3DAA-3EF7-1406F6BC267D}"
EndProject
Global
	GlobalSection(SolutionConfigurationPlatforms) = preSolution
		Debug|Any CPU = Debug|Any CPU
		Release|Any CPU = Release|Any CPU
	EndGlobalSection
	GlobalSection(ProjectConfigurationPlatforms) = postSolution
		{1138D65C-0626-3DAA-3EF7-1406F6BC267D}.Debug|Any CPU.ActiveCfg = Debug|Any CPU
		{1138D65C-0626-3DAA-3EF7-1406F6BC267D}.Debug|Any CPU.Build.0 = Debug|Any CPU
		{1138D65C-0626-3DAA-3EF7-1406F6BC267D}.Release|Any CPU.ActiveCfg = Release|Any CPU
		{1138D65C-0626-3DAA-3EF7-1406F6BC267D}.Release|Any CPU.Build.0 = Release|Any CPU
	EndGlobalSection
	GlobalSection(SolutionProperties) = preSolution
		HideSolutionNode = FALSE
	EndGlobalSection
	GlobalSection(ExtensibilityGlobals) = postSolution
		SolutionGuid = {976D9CBC-38A3-48D7-8AB3-9FB7D93FFE1A}
	EndGlobalSection
EndGlobal
