
Microsoft Visual Studio Solution File, Format Version 12.00
# Visual Studio Version 17
VisualStudioVersion = 17.14.36930.0
MinimumVisualStudioVersion = 10.0.40219.1
Project("{FAE04EC0-301F-11D3-BF4B-00C04F79EFBC}") = "MOGWAI", "MOGWAI\MOGWAI.csproj", "{641B8C2F-F713-4A69-9994-FD2609799B16}"
EndProject
Project("{FAE04EC0-301F-11D3-BF4B-00C04F79EFBC}") = "MOGWAI_TEST", "MOGWAI_TEST\MOGWAI_TEST.csproj", "{BAEA5477-C992-51C4-795C-528B94C270CD}"
EndProject
Project("{FAE04EC0-301F-11D3-BF4B-00C04F79EFBC}") = "MOGWAI.Tests", "MOGWAI.Tests\MOGWAI.Tests.csproj", "{D66E6C0E-EA04-4236-BD20-6E7A4FF295B7}"
EndProject
Global
	GlobalSection(SolutionConfigurationPlatforms) = preSolution
		Debug|Any CPU = Debug|Any CPU
		Release|Any CPU = Release|Any CPU
	EndGlobalSection
	GlobalSection(ProjectConfigurationPlatforms) = postSolution
		{641B8C2F-F713-4A69-9994-FD2609799B16}.Debug|Any CPU.ActiveCfg = Debug|Any CPU
		{641B8C2F-F713-4A69-9994-FD2609799B16}.Debug|Any CPU.Build.0 = Debug|Any CPU
		{641B8C2F-F713-4A69-9994-FD2609799B16}.Release|Any CPU.ActiveCfg = Release|Any CPU
		{641B8C2F-F713-4A69-9994-FD2609799B16}.Release|Any CPU.Build.0 = Release|Any CPU
		{BAEA5477-C992-51C4-795C-528B94C270CD}.Debug|Any CPU.ActiveCfg = Debug|Any CPU
		{BAEA5477-C992-51C4-795C-528B94C270CD}.Debug|Any CPU.Build.0 = Debug|Any CPU
		{BAEA5477-C992-51C4-795C-528B94C270CD}.Release|Any CPU.ActiveCfg = Release|Any CPU
		{BAEA5477-C992-51C4-795C-528B94C270CD}.Release|Any CPU.Build.0 = Release|Any CPU
		{D66E6C0E-EA04-4236-BD20-6E7A4FF295B7}.Debug|Any CPU.ActiveCfg = Debug|Any CPU
		{D66E6C0E-EA04-4236-BD20-6E7A4FF295B7}.Debug|Any CPU.Build.0 = Debug|Any CPU
		{D66E6C0E-EA04-4236-BD20-6E7A4FF295B7}.Release|Any CPU.ActiveCfg = Release|Any CPU
		{D66E6C0E-EA04-4236-BD20-6E7A4FF295B7}.Release|Any CPU.Build.0 = Release|Any CPU
	EndGlobalSection
	GlobalSection(SolutionProperties) = preSolution
		HideSolutionNode = FALSE
	EndGlobalSection
	GlobalSection(ExtensibilityGlobals) = postSolution
		SolutionGuid = {9E47D965-CB24-4AED-9568-E157521D6C84}
	EndGlobalSection
EndGlobal
